// !$*UTF8*$!
{
	archiveVersion = 1;
	classes = {
	};
	objectVersion = 46;
	objects = {

/* Begin PBXFileReference section */
		5B6D5E8517C8C85B001517E2 /* draw.js */ = {isa = PBXFileReference; lastKnownFileType = sourcecode.javascript; path = draw.js; sourceTree = "<group>"; };
		5B6D5E8617C8C8C3001517E2 /* physics.js */ = {isa = PBXFileReference; lastKnownFileType = sourcecode.javascript; path = physics.js; sourceTree = "<group>"; };
		5B6D5E8717C8DCD8001517E2 /* spawn.js */ = {isa = PBXFileReference; lastKnownFileType = sourcecode.javascript; path = spawn.js; sourceTree = "<group>"; };
		5B6D5E8817C93842001517E2 /* rewind.js */ = {isa = PBXFileReference; lastKnownFileType = sourcecode.javascript; path = rewind.js; sourceTree = "<group>"; };
		5BA0A81217C95546004D393F /* GUI.js */ = {isa = PBXFileReference; lastKnownFileType = sourcecode.javascript; path = GUI.js; sourceTree = "<group>"; };
		5BAE29D717C8BAE100470A73 /* index.html */ = {isa = PBXFileReference; lastKnownFileType = text.html; path = index.html; sourceTree = "<group>"; };
		5BAE29D817C8BB1B00470A73 /* init.js */ = {isa = PBXFileReference; lastKnownFileType = sourcecode.javascript; path = init.js; sourceTree = "<group>"; };
		5BAE29D917C8BC1200470A73 /* state.js */ = {isa = PBXFileReference; lastKnownFileType = sourcecode.javascript; path = state.js; sourceTree = "<group>"; };
		5BAE29DC17C8BD0700470A73 /* main.js */ = {isa = PBXFileReference; lastKnownFileType = sourcecode.javascript; path = main.js; sourceTree = "<group>"; };
		5BAE29DD17C8BD2B00470A73 /* jquery.js */ = {isa = PBXFileReference; lastKnownFileType = sourcecode.javascript; path = jquery.js; sourceTree = "<group>"; };
		5BAE29E017C8BF1100470A73 /* properties.js */ = {isa = PBXFileReference; lastKnownFileType = sourcecode.javascript; path = properties.js; sourceTree = "<group>"; };
		5BAE29E117C8C07200470A73 /* input.js */ = {isa = PBXFileReference; lastKnownFileType = sourcecode.javascript; path = input.js; sourceTree = "<group>"; };
/* End PBXFileReference section */

/* Begin PBXGroup section */
		5BAE29D017C8BAD200470A73 = {
			isa = PBXGroup;
			children = (
				5BAE29D717C8BAE100470A73 /* index.html */,
				5BAE29D817C8BB1B00470A73 /* init.js */,
				5BAE29DC17C8BD0700470A73 /* main.js */,
				5BA0A81217C95546004D393F /* GUI.js */,
				5B6D5E8517C8C85B001517E2 /* draw.js */,
				5B6D5E8617C8C8C3001517E2 /* physics.js */,
				5BAE29D917C8BC1200470A73 /* state.js */,
				5B6D5E8717C8DCD8001517E2 /* spawn.js */,
				5BAE29E117C8C07200470A73 /* input.js */,
				5B6D5E8817C93842001517E2 /* rewind.js */,
				5BAE29E017C8BF1100470A73 /* properties.js */,
				5BAE29DD17C8BD2B00470A73 /* jquery.js */,
			);
			sourceTree = "<group>";
		};
/* End PBXGroup section */

/* Begin PBXProject section */
		5BAE29D117C8BAD300470A73 /* Project object */ = {
			isa = PBXProject;
			attributes = {
				LastUpgradeCheck = 0500;
			};
			buildConfigurationList = 5BAE29D417C8BAD300470A73 /* Build configuration list for PBXProject "10secLD" */;
			compatibilityVersion = "Xcode 3.2";
			developmentRegion = English;
			hasScannedForEncodings = 0;
			knownRegions = (
				en,
			);
			mainGroup = 5BAE29D017C8BAD200470A73;
			projectDirPath = "";
			projectRoot = "";
			targets = (
			);
		};
/* End PBXProject section */

/* Begin XCBuildConfiguration section */
		5BAE29D517C8BAD300470A73 /* Debug */ = {
			isa = XCBuildConfiguration;
			buildSettings = {
			};
			name = Debug;
		};
		5BAE29D617C8BAD300470A73 /* Release */ = {
			isa = XCBuildConfiguration;
			buildSettings = {
			};
			name = Release;
		};
/* End XCBuildConfiguration section */

/* Begin XCConfigurationList section */
		5BAE29D417C8BAD300470A73 /* Build configuration list for PBXProject "10secLD" */ = {
			isa = XCConfigurationList;
			buildConfigurations = (
				5BAE29D517C8BAD300470A73 /* Debug */,
				5BAE29D617C8BAD300470A73 /* Release */,
			);
			defaultConfigurationIsVisible = 0;
			defaultConfigurationName = Release;
		};
/* End XCConfigurationList section */
	};
	rootObject = 5BAE29D117C8BAD300470A73 /* Project object */;
}
